
Microsoft Visual Studio Solution File, Format Version 11.00
# Visual C# Express 2010
Project("{FAE04EC0-301F-11D3-BF4B-00C04F79EFBC}") = "ABSpriteEditor", "ABSpriteEditor\ABSpriteEditor.csproj", "{110C6CE2-2264-4037-9BD4-C2143246D849}"
EndProject
Global
	GlobalSection(SolutionConfigurationPlatforms) = preSolution
		Debug|x86 = Debug|x86
		Release|x86 = Release|x86
	EndGlobalSection
	GlobalSection(ProjectConfigurationPlatforms) = postSolution
		{110C6CE2-2264-4037-9BD4-C2143246D849}.Debug|x86.ActiveCfg = Debug|x86
		{110C6CE2-2264-4037-9BD4-C2143246D849}.Debug|x86.Build.0 = Debug|x86
		{110C6CE2-2264-4037-9BD4-C2143246D849}.Release|x86.ActiveCfg = Release|x86
		{110C6CE2-2264-4037-9BD4-C2143246D849}.Release|x86.Build.0 = Release|x86
	EndGlobalSection
	GlobalSection(SolutionProperties) = preSolution
		HideSolutionNode = FALSE
	EndGlobalSection
EndGlobal
